
Microsoft Visual Studio Solution File, Format Version 12.00
# Visual Studio Version 16
VisualStudioVersion = 16.0.29519.87
MinimumVisualStudioVersion = 10.0.40219.1
Project("{FAE04EC0-301F-11D3-BF4B-00C04F79EFBC}") = "ExchengeFoodAPI", "ExchengeFoodAPI\ExchengeFoodAPI.csproj", "{37E4316E-A91C-483F-9341-108713DB3EEC}"
EndProject
Project("{9A19103F-16F7-4668-BE54-9A1E7A4F7556}") = "Infra", "Infra\Infra.csproj", "{46076000-E7D1-47B0-B940-4AC7EBA784A2}"
EndProject
Project("{9A19103F-16F7-4668-BE54-9A1E7A4F7556}") = "Repository", "Repository\Repository.csproj", "{1170340A-4E79-4C81-AB20-B47F7AEFD99C}"
EndProject
Project("{9A19103F-16F7-4668-BE54-9A1E7A4F7556}") = "Services", "Services\Services.csproj", "{B51D0DB3-EFB0-4C07-B779-65A8AC7D7C68}"
EndProject
Project("{9A19103F-16F7-4668-BE54-9A1E7A4F7556}") = "UnitOfWork", "UnitOfWork\UnitOfWork.csproj", "{593DF6C6-4A70-4ADA-A9A9-9090E8613831}"
EndProject
Global
	GlobalSection(SolutionConfigurationPlatforms) = preSolution
		Debug|Any CPU = Debug|Any CPU
		Release|Any CPU = Release|Any CPU
	EndGlobalSection
	GlobalSection(ProjectConfigurationPlatforms) = postSolution
		{37E4316E-A91C-483F-9341-108713DB3EEC}.Debug|Any CPU.ActiveCfg = Debug|Any CPU
		{37E4316E-A91C-483F-9341-108713DB3EEC}.Debug|Any CPU.Build.0 = Debug|Any CPU
		{37E4316E-A91C-483F-9341-108713DB3EEC}.Release|Any CPU.ActiveCfg = Release|Any CPU
		{37E4316E-A91C-483F-9341-108713DB3EEC}.Release|Any CPU.Build.0 = Release|Any CPU
		{46076000-E7D1-47B0-B940-4AC7EBA784A2}.Debug|Any CPU.ActiveCfg = Debug|Any CPU
		{46076000-E7D1-47B0-B940-4AC7EBA784A2}.Debug|Any CPU.Build.0 = Debug|Any CPU
		{46076000-E7D1-47B0-B940-4AC7EBA784A2}.Release|Any CPU.ActiveCfg = Release|Any CPU
		{46076000-E7D1-47B0-B940-4AC7EBA784A2}.Release|Any CPU.Build.0 = Release|Any CPU
		{1170340A-4E79-4C81-AB20-B47F7AEFD99C}.Debug|Any CPU.ActiveCfg = Debug|Any CPU
		{1170340A-4E79-4C81-AB20-B47F7AEFD99C}.Debug|Any CPU.Build.0 = Debug|Any CPU
		{1170340A-4E79-4C81-AB20-B47F7AEFD99C}.Release|Any CPU.ActiveCfg = Release|Any CPU
		{1170340A-4E79-4C81-AB20-B47F7AEFD99C}.Release|Any CPU.Build.0 = Release|Any CPU
		{B51D0DB3-EFB0-4C07-B779-65A8AC7D7C68}.Debug|Any CPU.ActiveCfg = Debug|Any CPU
		{B51D0DB3-EFB0-4C07-B779-65A8AC7D7C68}.Debug|Any CPU.Build.0 = Debug|Any CPU
		{B51D0DB3-EFB0-4C07-B779-65A8AC7D7C68}.Release|Any CPU.ActiveCfg = Release|Any CPU
		{B51D0DB3-EFB0-4C07-B779-65A8AC7D7C68}.Release|Any CPU.Build.0 = Release|Any CPU
		{593DF6C6-4A70-4ADA-A9A9-9090E8613831}.Debug|Any CPU.ActiveCfg = Debug|Any CPU
		{593DF6C6-4A70-4ADA-A9A9-9090E8613831}.Debug|Any CPU.Build.0 = Debug|Any CPU
		{593DF6C6-4A70-4ADA-A9A9-9090E8613831}.Release|Any CPU.ActiveCfg = Release|Any CPU
		{593DF6C6-4A70-4ADA-A9A9-9090E8613831}.Release|Any CPU.Build.0 = Release|Any CPU
	EndGlobalSection
	GlobalSection(SolutionProperties) = preSolution
		HideSolutionNode = FALSE
	EndGlobalSection
	GlobalSection(ExtensibilityGlobals) = postSolution
		SolutionGuid = {0688566B-6E0C-4C81-A416-50CDA54AC5F7}
	EndGlobalSection
EndGlobal
